
Microsoft Visual Studio Solution File, Format Version 12.00
# Visual Studio 2013
VisualStudioVersion = 12.0.40629.0
MinimumVisualStudioVersion = 10.0.40219.1
Project("{FAE04EC0-301F-11D3-BF4B-00C04F79EFBC}") = "Server", "Server\Server.csproj", "{8A0ECB30-4BFE-4C2A-B446-1ED4AB41720D}"
EndProject
Project("{FAE04EC0-301F-11D3-BF4B-00C04F79EFBC}") = "ServerData", "ServerData\ServerData.csproj", "{4C75AFD0-BAB9-425E-8A90-FB3CC016C0EA}"
EndProject
Project("{FAE04EC0-301F-11D3-BF4B-00C04F79EFBC}") = "PiaLib", "PiaLib\PiaLib.csproj", "{4388BD60-B980-4646-BA2E-D9A2ED10202E}"
EndProject
Project("{FAE04EC0-301F-11D3-BF4B-00C04F79EFBC}") = "ClientClassLib", "ClientClassLib\ClientClassLib.csproj", "{70B5D707-C1A2-4A04-8BE6-C81A4EF093C1}"
EndProject
Project("{FAE04EC0-301F-11D3-BF4B-00C04F79EFBC}") = "Test", "Test\Test.csproj", "{E89587CC-1ECE-4E09-905B-C6B2F50FA382}"
EndProject
Global
	GlobalSection(SolutionConfigurationPlatforms) = preSolution
		Debug|Any CPU = Debug|Any CPU
		Release|Any CPU = Release|Any CPU
	EndGlobalSection
	GlobalSection(ProjectConfigurationPlatforms) = postSolution
		{8A0ECB30-4BFE-4C2A-B446-1ED4AB41720D}.Debug|Any CPU.ActiveCfg = Debug|Any CPU
		{8A0ECB30-4BFE-4C2A-B446-1ED4AB41720D}.Debug|Any CPU.Build.0 = Debug|Any CPU
		{8A0ECB30-4BFE-4C2A-B446-1ED4AB41720D}.Release|Any CPU.ActiveCfg = Release|Any CPU
		{8A0ECB30-4BFE-4C2A-B446-1ED4AB41720D}.Release|Any CPU.Build.0 = Release|Any CPU
		{4C75AFD0-BAB9-425E-8A90-FB3CC016C0EA}.Debug|Any CPU.ActiveCfg = Debug|Any CPU
		{4C75AFD0-BAB9-425E-8A90-FB3CC016C0EA}.Debug|Any CPU.Build.0 = Debug|Any CPU
		{4C75AFD0-BAB9-425E-8A90-FB3CC016C0EA}.Release|Any CPU.ActiveCfg = Release|Any CPU
		{4C75AFD0-BAB9-425E-8A90-FB3CC016C0EA}.Release|Any CPU.Build.0 = Release|Any CPU
		{4388BD60-B980-4646-BA2E-D9A2ED10202E}.Debug|Any CPU.ActiveCfg = Debug|Any CPU
		{4388BD60-B980-4646-BA2E-D9A2ED10202E}.Debug|Any CPU.Build.0 = Debug|Any CPU
		{4388BD60-B980-4646-BA2E-D9A2ED10202E}.Release|Any CPU.ActiveCfg = Release|Any CPU
		{4388BD60-B980-4646-BA2E-D9A2ED10202E}.Release|Any CPU.Build.0 = Release|Any CPU
		{70B5D707-C1A2-4A04-8BE6-C81A4EF093C1}.Debug|Any CPU.ActiveCfg = Debug|Any CPU
		{70B5D707-C1A2-4A04-8BE6-C81A4EF093C1}.Debug|Any CPU.Build.0 = Debug|Any CPU
		{70B5D707-C1A2-4A04-8BE6-C81A4EF093C1}.Release|Any CPU.ActiveCfg = Release|Any CPU
		{70B5D707-C1A2-4A04-8BE6-C81A4EF093C1}.Release|Any CPU.Build.0 = Release|Any CPU
	EndGlobalSection
	GlobalSection(SolutionProperties) = preSolution
		HideSolutionNode = FALSE
	EndGlobalSection
EndGlobal
